
Microsoft Visual Studio Solution File, Format Version 12.00
# Visual Studio Version 16
VisualStudioVersion = 16.0.28917.182
MinimumVisualStudioVersion = 10.0.40219.1
Project("{FAE04EC0-301F-11D3-BF4B-00C04F79EFBC}") = "CoffeeShop", "CoffeeShop\CoffeeShop.csproj", "{ACBF6CE1-4D91-4680-BB95-B57113F033DB}"
EndProject
Global
	GlobalSection(SolutionConfigurationPlatforms) = preSolution
		Debug|Any CPU = Debug|Any CPU
		Release|Any CPU = Release|Any CPU
	EndGlobalSection
	GlobalSection(ProjectConfigurationPlatforms) = postSolution
		{ACBF6CE1-4D91-4680-BB95-B57113F033DB}.Debug|Any CPU.ActiveCfg = Debug|Any CPU
		{ACBF6CE1-4D91-4680-BB95-B57113F033DB}.Debug|Any CPU.Build.0 = Debug|Any CPU
		{ACBF6CE1-4D91-4680-BB95-B57113F033DB}.Release|Any CPU.ActiveCfg = Release|Any CPU
		{ACBF6CE1-4D91-4680-BB95-B57113F033DB}.Release|Any CPU.Build.0 = Release|Any CPU
	EndGlobalSection
	GlobalSection(SolutionProperties) = preSolution
		HideSolutionNode = FALSE
	EndGlobalSection
	GlobalSection(ExtensibilityGlobals) = postSolution
		SolutionGuid = {4C67F8D4-D184-45AD-B554-C91E66E1BB3B}
	EndGlobalSection
EndGlobal
